
Microsoft Visual Studio Solution File, Format Version 12.00
# Visual Studio Version 17
VisualStudioVersion = 17.2.32616.157
MinimumVisualStudioVersion = 10.0.40219.1
Project("{FAE04EC0-301F-11D3-BF4B-00C04F79EFBC}") = "lab3oop", "lab3oop\lab3oop.csproj", "{5F2DF89E-45B1-445C-9003-C8ACB2D53649}"
EndProject
Global
	GlobalSection(SolutionConfigurationPlatforms) = preSolution
		Debug|Any CPU = Debug|Any CPU
		Release|Any CPU = Release|Any CPU
	EndGlobalSection
	GlobalSection(ProjectConfigurationPlatforms) = postSolution
		{5F2DF89E-45B1-445C-9003-C8ACB2D53649}.Debug|Any CPU.ActiveCfg = Debug|Any CPU
		{5F2DF89E-45B1-445C-9003-C8ACB2D53649}.Debug|Any CPU.Build.0 = Debug|Any CPU
		{5F2DF89E-45B1-445C-9003-C8ACB2D53649}.Release|Any CPU.ActiveCfg = Release|Any CPU
		{5F2DF89E-45B1-445C-9003-C8ACB2D53649}.Release|Any CPU.Build.0 = Release|Any CPU
	EndGlobalSection
	GlobalSection(SolutionProperties) = preSolution
		HideSolutionNode = FALSE
	EndGlobalSection
	GlobalSection(ExtensibilityGlobals) = postSolution
		SolutionGuid = {52113512-EA2B-4499-A0F8-15BF665CB542}
	EndGlobalSection
EndGlobal
